{
  "name": "project",
  "version": "1.0.0",
  "lockfileVersion": 2,
  "requires": true,
  "packages": {
    "": {
      "name": "project",
      "version": "1.0.0",
      "license": "ISC",
      "dependencies": {
        "milestone_dd": "^1.0.0"
      }
    },
    "node_modules/milestone_dd": {
      "version": "1.0.0",
      "resolved": "https://registry.npmjs.org/milestone_dd/-/milestone_dd-1.0.0.tgz",
      "integrity": "sha512-VXNPZX8/7jM/8qJyYpXSFUS9T8APCltBcFk2KgG6y4PSwNyoYtRsM9i+uRKob5Mrmg66sYPX69TBWjRaEsD80A=="
    }
  },
  "dependencies": {
    "milestone_dd": {
      "version": "1.0.0",
      "resolved": "https://registry.npmjs.org/milestone_dd/-/milestone_dd-1.0.0.tgz",
      "integrity": "sha512-VXNPZX8/7jM/8qJyYpXSFUS9T8APCltBcFk2KgG6y4PSwNyoYtRsM9i+uRKob5Mrmg66sYPX69TBWjRaEsD80A=="
    }
  }
}
